{
  "version": 4,
  "terraform_version": "1.3.3",
  "serial": 29,
  "lineage": "5d1b88f1-0af8-b152-c577-2b92e7231c61",
  "outputs": {},
  "resources": [
    {
      "mode": "data",
      "type": "cloudflare_zones",
      "name": "domain",
      "provider": "provider[\"registry.terraform.io/cloudflare/cloudflare\"]",
      "instances": [
        {
          "schema_version": 0,
          "attributes": {
            "filter": [
              {
                "account_id": "",
                "lookup_type": "exact",
                "match": "",
                "name": "evanchen.xyz",
                "paused": false,
                "status": ""
              }
            ],
            "id": "d74ecca1b7e512c2b5e073a5341fabfe",
            "zones": [
              {
                "id": "77e0c6486311b891d5cf362d864b25f5",
                "name": "evanchen.xyz"
              }
            ]
          },
          "sensitive_attributes": [
            [
              {
                "type": "get_attr",
                "value": "filter"
              },
              {
                "type": "index",
                "value": {
                  "value": 0,
                  "type": "number"
                }
              },
              {
                "type": "get_attr",
                "value": "name"
              }
            ]
          ]
        }
      ]
    },
    {
      "mode": "data",
      "type": "http",
      "name": "ipv4",
      "provider": "provider[\"registry.terraform.io/hashicorp/http\"]",
      "instances": [
        {
          "schema_version": 0,
          "attributes": {
            "body": "67.188.156.198\n",
            "ca_cert_pem": null,
            "id": "http://ipv4.icanhazip.com",
            "insecure": null,
            "method": null,
            "request_body": null,
            "request_headers": null,
            "response_body": "67.188.156.198\n",
            "response_headers": {
              "Access-Control-Allow-Methods": "GET",
              "Access-Control-Allow-Origin": "*",
              "Alt-Svc": "h3=\":443\"; ma=86400, h3-29=\":443\"; ma=86400",
              "Cf-Ray": "7b7fc93beaf897df-SJC",
              "Connection": "keep-alive",
              "Content-Length": "15",
              "Content-Type": "text/plain",
              "Date": "Fri, 14 Apr 2023 23:39:04 GMT",
              "Server": "cloudflare",
              "Set-Cookie": "__cf_bm=qn9mDZWR65_7MAM.0sRp.iuedk1u2PR.uuFsqpces3o-1681515544-0-AXau5phrV8IvD5oxIvN5MBi27wBsJdUhPFLDRcZfPWZY35p9LdpuyMZIzv7YReNWX3CXrcj/4Hx/2a8QRrQjxCM=; path=/; expires=Sat, 15-Apr-23 00:09:04 GMT; domain=.icanhazip.com; HttpOnly; SameSite=None",
              "Vary": "Accept-Encoding"
            },
            "status_code": 200,
            "url": "http://ipv4.icanhazip.com"
          },
          "sensitive_attributes": []
        }
      ]
    },
    {
      "mode": "data",
      "type": "sops_file",
      "name": "cloudflare_secrets",
      "provider": "provider[\"registry.terraform.io/carlpett/sops\"]",
      "instances": [
        {
          "schema_version": 0,
          "attributes": {
            "data": {
              "cloudflare_apikey": "1dceee1868fa8ce49030c2e45a1e927c2b0cc",
              "cloudflare_domain": "evanchen.xyz",
              "cloudflare_email": "evanchensf@gmail.com"
            },
            "id": "-",
            "input_type": null,
            "raw": "cloudflare_email: evanchensf@gmail.com\ncloudflare_apikey: 1dceee1868fa8ce49030c2e45a1e927c2b0cc\ncloudflare_domain: evanchen.xyz\n",
            "source_file": "secret.sops.yaml"
          },
          "sensitive_attributes": []
        }
      ]
    },
    {
      "mode": "managed",
      "type": "cloudflare_record",
      "name": "ipv4",
      "provider": "provider[\"registry.terraform.io/cloudflare/cloudflare\"]",
      "instances": [
        {
          "schema_version": 2,
          "attributes": {
            "allow_overwrite": false,
            "comment": "",
            "created_on": "2023-03-07T09:27:23.315942Z",
            "data": [],
            "hostname": "ipv4.evanchen.xyz",
            "id": "1e363717e5fce5743d87e1aeaa6232f6",
            "metadata": {
              "auto_added": "false",
              "managed_by_apps": "false",
              "managed_by_argo_tunnel": "false",
              "source": "primary"
            },
            "modified_on": "2023-03-07T09:27:23.315942Z",
            "name": "ipv4",
            "priority": null,
            "proxiable": true,
            "proxied": true,
            "tags": [],
            "timeouts": null,
            "ttl": 1,
            "type": "A",
            "value": "67.188.156.198",
            "zone_id": "77e0c6486311b891d5cf362d864b25f5"
          },
          "sensitive_attributes": [],
          "private": "eyJlMmJmYjczMC1lY2FhLTExZTYtOGY4OC0zNDM2M2JjN2M0YzAiOnsiY3JlYXRlIjozMDAwMDAwMDAwMCwidXBkYXRlIjozMDAwMDAwMDAwMH0sInNjaGVtYV92ZXJzaW9uIjoiMiJ9",
          "dependencies": [
            "data.cloudflare_zones.domain",
            "data.http.ipv4",
            "data.sops_file.cloudflare_secrets"
          ]
        }
      ]
    },
    {
      "mode": "managed",
      "type": "cloudflare_zone_settings_override",
      "name": "cloudflare_settings",
      "provider": "provider[\"registry.terraform.io/cloudflare/cloudflare\"]",
      "instances": [
        {
          "schema_version": 0,
          "attributes": {
            "id": "77e0c6486311b891d5cf362d864b25f5",
            "initial_settings": [
              {
                "always_online": "off",
                "always_use_https": "on",
                "automatic_https_rewrites": "on",
                "binary_ast": "off",
                "brotli": "on",
                "browser_cache_ttl": 14400,
                "browser_check": "on",
                "cache_level": "aggressive",
                "challenge_ttl": 1800,
                "ciphers": [],
                "cname_flattening": "flatten_at_root",
                "development_mode": "off",
                "early_hints": "off",
                "email_obfuscation": "on",
                "filter_logs_to_cloudflare": "off",
                "h2_prioritization": "off",
                "hotlink_protection": "off",
                "http2": "on",
                "http3": "on",
                "image_resizing": "off",
                "ip_geolocation": "on",
                "ipv6": "on",
                "log_to_cloudflare": "on",
                "max_upload": 100,
                "min_tls_version": "1.2",
                "minify": [
                  {
                    "css": "on",
                    "html": "on",
                    "js": "on"
                  }
                ],
                "mirage": "off",
                "mobile_redirect": [
                  {
                    "mobile_subdomain": "",
                    "status": "off",
                    "strip_uri": false
                  }
                ],
                "opportunistic_encryption": "on",
                "opportunistic_onion": "on",
                "orange_to_orange": "off",
                "origin_error_page_pass_thru": "off",
                "origin_max_http_version": "2",
                "polish": "off",
                "prefetch_preload": "off",
                "privacy_pass": "on",
                "proxy_read_timeout": "100",
                "pseudo_ipv4": "off",
                "response_buffering": "off",
                "rocket_loader": "on",
                "security_header": [
                  {
                    "enabled": false,
                    "include_subdomains": false,
                    "max_age": 0,
                    "nosniff": false,
                    "preload": false
                  }
                ],
                "security_level": "medium",
                "server_side_exclude": "on",
                "sort_query_string_for_cache": "off",
                "ssl": "strict",
                "tls_1_2_only": "off",
                "tls_1_3": "zrt",
                "tls_client_auth": "off",
                "true_client_ip_header": "off",
                "universal_ssl": "on",
                "visitor_ip": "on",
                "waf": "off",
                "webp": "off",
                "websockets": "on",
                "zero_rtt": "on"
              }
            ],
            "initial_settings_read_at": "2023-03-07T07:21:06.780616848Z",
            "readonly_settings": [
              "advanced_ddos",
              "http2",
              "long_lived_grpc",
              "mirage",
              "origin_error_page_pass_thru",
              "polish",
              "prefetch_preload",
              "proxy_read_timeout",
              "response_buffering",
              "sort_query_string_for_cache",
              "true_client_ip_header",
              "webp",
              "image_resizing"
            ],
            "settings": [
              {
                "always_online": "off",
                "always_use_https": "on",
                "automatic_https_rewrites": "on",
                "binary_ast": "off",
                "brotli": "on",
                "browser_cache_ttl": 14400,
                "browser_check": "on",
                "cache_level": "aggressive",
                "challenge_ttl": 1800,
                "ciphers": [],
                "cname_flattening": "flatten_at_root",
                "development_mode": "off",
                "early_hints": "off",
                "email_obfuscation": "on",
                "filter_logs_to_cloudflare": "off",
                "h2_prioritization": "off",
                "hotlink_protection": "off",
                "http2": "on",
                "http3": "on",
                "image_resizing": "off",
                "ip_geolocation": "on",
                "ipv6": "on",
                "log_to_cloudflare": "on",
                "max_upload": 100,
                "min_tls_version": "1.2",
                "minify": [
                  {
                    "css": "on",
                    "html": "on",
                    "js": "on"
                  }
                ],
                "mirage": "off",
                "mobile_redirect": [
                  {
                    "mobile_subdomain": "",
                    "status": "off",
                    "strip_uri": false
                  }
                ],
                "opportunistic_encryption": "on",
                "opportunistic_onion": "on",
                "orange_to_orange": "off",
                "origin_error_page_pass_thru": "off",
                "origin_max_http_version": "2",
                "polish": "off",
                "prefetch_preload": "off",
                "privacy_pass": "on",
                "proxy_read_timeout": "100",
                "pseudo_ipv4": "off",
                "response_buffering": "off",
                "rocket_loader": "on",
                "security_header": [
                  {
                    "enabled": false,
                    "include_subdomains": false,
                    "max_age": 0,
                    "nosniff": false,
                    "preload": false
                  }
                ],
                "security_level": "medium",
                "server_side_exclude": "on",
                "sort_query_string_for_cache": "off",
                "ssl": "strict",
                "tls_1_2_only": "off",
                "tls_1_3": "zrt",
                "tls_client_auth": "off",
                "true_client_ip_header": "off",
                "universal_ssl": "on",
                "visitor_ip": "on",
                "waf": "off",
                "webp": "",
                "websockets": "on",
                "zero_rtt": "on"
              }
            ],
            "zone_id": "77e0c6486311b891d5cf362d864b25f5",
            "zone_status": "active",
            "zone_type": "full"
          },
          "sensitive_attributes": [],
          "private": "bnVsbA==",
          "dependencies": [
            "data.cloudflare_zones.domain",
            "data.sops_file.cloudflare_secrets"
          ]
        }
      ]
    }
  ],
  "check_results": []
}
